
Microsoft Visual Studio Solution File, Format Version 12.00
# Visual Studio Version 17
VisualStudioVersion = 17.8.34330.188
MinimumVisualStudioVersion = 10.0.40219.1
Project("{FAE04EC0-301F-11D3-BF4B-00C04F79EFBC}") = "Phase1Section3.8", "Phase1Section3.8\Phase1Section3.8.csproj", "{62262924-6FFA-4E64-B026-E8C1FF9A69C6}"
EndProject
Global
	GlobalSection(SolutionConfigurationPlatforms) = preSolution
		Debug|Any CPU = Debug|Any CPU
		Release|Any CPU = Release|Any CPU
	EndGlobalSection
	GlobalSection(ProjectConfigurationPlatforms) = postSolution
		{62262924-6FFA-4E64-B026-E8C1FF9A69C6}.Debug|Any CPU.ActiveCfg = Debug|Any CPU
		{62262924-6FFA-4E64-B026-E8C1FF9A69C6}.Debug|Any CPU.Build.0 = Debug|Any CPU
		{62262924-6FFA-4E64-B026-E8C1FF9A69C6}.Release|Any CPU.ActiveCfg = Release|Any CPU
		{62262924-6FFA-4E64-B026-E8C1FF9A69C6}.Release|Any CPU.Build.0 = Release|Any CPU
	EndGlobalSection
	GlobalSection(SolutionProperties) = preSolution
		HideSolutionNode = FALSE
	EndGlobalSection
	GlobalSection(ExtensibilityGlobals) = postSolution
		SolutionGuid = {0BD7B10F-70FB-4089-849E-488881D19EBA}
	EndGlobalSection
EndGlobal
